
Microsoft Visual Studio Solution File, Format Version 11.00
# Visual Studio 2010
Project("{FAE04EC0-301F-11D3-BF4B-00C04F79EFBC}") = "Greenfield.Web", "Greenfield.Web\Greenfield.Web.csproj", "{E86998BE-315E-4F04-A92F-B85D09C7D744}"
EndProject
Global
	GlobalSection(SolutionConfigurationPlatforms) = preSolution
		Debug|Any CPU = Debug|Any CPU
		Release|Any CPU = Release|Any CPU
	EndGlobalSection
	GlobalSection(ProjectConfigurationPlatforms) = postSolution
		{E86998BE-315E-4F04-A92F-B85D09C7D744}.Debug|Any CPU.ActiveCfg = Debug|Any CPU
		{E86998BE-315E-4F04-A92F-B85D09C7D744}.Debug|Any CPU.Build.0 = Debug|Any CPU
		{E86998BE-315E-4F04-A92F-B85D09C7D744}.Release|Any CPU.ActiveCfg = Release|Any CPU
		{E86998BE-315E-4F04-A92F-B85D09C7D744}.Release|Any CPU.Build.0 = Release|Any CPU
	EndGlobalSection
	GlobalSection(SolutionProperties) = preSolution
		HideSolutionNode = FALSE
	EndGlobalSection
EndGlobal
